
Microsoft Visual Studio Solution File, Format Version 12.00
# Visual Studio 15
VisualStudioVersion = 15.0.28010.2050
MinimumVisualStudioVersion = 10.0.40219.1
Project("{FAE04EC0-301F-11D3-BF4B-00C04F79EFBC}") = "SyncInvokeAsync", "SyncInvokeAsync\SyncInvokeAsync.csproj", "{BCD58644-5E30-4255-9458-C9EEB0143BE4}"
EndProject
Project("{FAE04EC0-301F-11D3-BF4B-00C04F79EFBC}") = "ThreadPoolTestAPI", "ThreadPoolTestAPI\ThreadPoolTestAPI.csproj", "{B2C0DD96-95E7-4E6C-8434-2512E819E655}"
EndProject
Global
	GlobalSection(SolutionConfigurationPlatforms) = preSolution
		Debug|Any CPU = Debug|Any CPU
		Release|Any CPU = Release|Any CPU
	EndGlobalSection
	GlobalSection(ProjectConfigurationPlatforms) = postSolution
		{BCD58644-5E30-4255-9458-C9EEB0143BE4}.Debug|Any CPU.ActiveCfg = Debug|Any CPU
		{BCD58644-5E30-4255-9458-C9EEB0143BE4}.Debug|Any CPU.Build.0 = Debug|Any CPU
		{BCD58644-5E30-4255-9458-C9EEB0143BE4}.Release|Any CPU.ActiveCfg = Release|Any CPU
		{BCD58644-5E30-4255-9458-C9EEB0143BE4}.Release|Any CPU.Build.0 = Release|Any CPU
		{B2C0DD96-95E7-4E6C-8434-2512E819E655}.Debug|Any CPU.ActiveCfg = Debug|Any CPU
		{B2C0DD96-95E7-4E6C-8434-2512E819E655}.Debug|Any CPU.Build.0 = Debug|Any CPU
		{B2C0DD96-95E7-4E6C-8434-2512E819E655}.Release|Any CPU.ActiveCfg = Release|Any CPU
		{B2C0DD96-95E7-4E6C-8434-2512E819E655}.Release|Any CPU.Build.0 = Release|Any CPU
	EndGlobalSection
	GlobalSection(SolutionProperties) = preSolution
		HideSolutionNode = FALSE
	EndGlobalSection
	GlobalSection(ExtensibilityGlobals) = postSolution
		SolutionGuid = {D241498B-D6C6-4299-9D37-AB62217C257B}
	EndGlobalSection
EndGlobal
